
Microsoft Visual Studio Solution File, Format Version 12.00
# Visual Studio Version 17
VisualStudioVersion = 17.11.35312.102
MinimumVisualStudioVersion = 10.0.40219.1
Project("{FAE04EC0-301F-11D3-BF4B-00C04F79EFBC}") = "Tic-Tac_Game", "Tic-Tac_Game.csproj", "{BED3BE1E-44A8-4DDC-A235-D72762685BEC}"
EndProject
Global
	GlobalSection(SolutionConfigurationPlatforms) = preSolution
		Debug|Any CPU = Debug|Any CPU
		Release|Any CPU = Release|Any CPU
	EndGlobalSection
	GlobalSection(ProjectConfigurationPlatforms) = postSolution
		{BED3BE1E-44A8-4DDC-A235-D72762685BEC}.Debug|Any CPU.ActiveCfg = Debug|Any CPU
		{BED3BE1E-44A8-4DDC-A235-D72762685BEC}.Debug|Any CPU.Build.0 = Debug|Any CPU
		{BED3BE1E-44A8-4DDC-A235-D72762685BEC}.Release|Any CPU.ActiveCfg = Release|Any CPU
		{BED3BE1E-44A8-4DDC-A235-D72762685BEC}.Release|Any CPU.Build.0 = Release|Any CPU
	EndGlobalSection
	GlobalSection(SolutionProperties) = preSolution
		HideSolutionNode = FALSE
	EndGlobalSection
	GlobalSection(ExtensibilityGlobals) = postSolution
		SolutionGuid = {CAC7D6B9-6D32-4483-9546-F68BF755B053}
	EndGlobalSection
EndGlobal
